
Microsoft Visual Studio Solution File, Format Version 12.00
# Visual Studio Version 17
VisualStudioVersion = 17.10.35013.160
MinimumVisualStudioVersion = 10.0.40219.1
Project("{FAE04EC0-301F-11D3-BF4B-00C04F79EFBC}") = "WPF_IPCSeparationFrame", "WPF_IPCSeparationFrame.csproj", "{8A7DB86F-7D54-4D4E-AF38-56D17DB2C198}"
EndProject
Project("{FAE04EC0-301F-11D3-BF4B-00C04F79EFBC}") = "Console_IPCSeparation_Client", "..\Console_IPCSeparation_Client\Console_IPCSeparation_Client.csproj", "{61094A9E-82EF-4B24-B8C4-23AD5D76975A}"
EndProject
Global
	GlobalSection(SolutionConfigurationPlatforms) = preSolution
		Debug|Any CPU = Debug|Any CPU
		Release|Any CPU = Release|Any CPU
	EndGlobalSection
	GlobalSection(ProjectConfigurationPlatforms) = postSolution
		{8A7DB86F-7D54-4D4E-AF38-56D17DB2C198}.Debug|Any CPU.ActiveCfg = Debug|Any CPU
		{8A7DB86F-7D54-4D4E-AF38-56D17DB2C198}.Debug|Any CPU.Build.0 = Debug|Any CPU
		{8A7DB86F-7D54-4D4E-AF38-56D17DB2C198}.Release|Any CPU.ActiveCfg = Release|Any CPU
		{8A7DB86F-7D54-4D4E-AF38-56D17DB2C198}.Release|Any CPU.Build.0 = Release|Any CPU
		{61094A9E-82EF-4B24-B8C4-23AD5D76975A}.Debug|Any CPU.ActiveCfg = Debug|Any CPU
		{61094A9E-82EF-4B24-B8C4-23AD5D76975A}.Debug|Any CPU.Build.0 = Debug|Any CPU
		{61094A9E-82EF-4B24-B8C4-23AD5D76975A}.Release|Any CPU.ActiveCfg = Release|Any CPU
		{61094A9E-82EF-4B24-B8C4-23AD5D76975A}.Release|Any CPU.Build.0 = Release|Any CPU
	EndGlobalSection
	GlobalSection(SolutionProperties) = preSolution
		HideSolutionNode = FALSE
	EndGlobalSection
	GlobalSection(ExtensibilityGlobals) = postSolution
		SolutionGuid = {15AEDB92-C283-446D-874A-290D14215787}
	EndGlobalSection
EndGlobal
